github.com/jackbaty/daily-jane v0.0.0-20220119132845-37e32b3e0fd0 h1:aux5x/4URbaYOXlavE7BZpMdUYzgVG6yMjw/K329YPQ=
github.com/jackbaty/daily-jane v0.0.0-20220119132845-37e32b3e0fd0/go.mod h1:WFcsH9RUntp1C0acGKuzSIKEuUy9HYyGoImk2CGYmO0=
github.com/jackbaty/daily-jane v0.0.0-20220324110138-d42cc8858dc4 h1:2v5tHfeHOUvAqVk7n7Z9xDqupcJtBwYX5/4cN3/Ddp0=
github.com/jackbaty/daily-jane v0.0.0-20220324110138-d42cc8858dc4/go.mod h1:WFcsH9RUntp1C0acGKuzSIKEuUy9HYyGoImk2CGYmO0=
